[[package]]
category = "main"
description = "ASGI specs, helper code, and adapters"
name = "asgiref"
optional = false
python-versions = ">=3.5"
version = "3.2.7"

[package.extras]
tests = ["pytest (>=4.3.0,<4.4.0)", "pytest-asyncio (>=0.10.0,<0.11.0)"]

[[package]]
category = "main"
description = "Classes Without Boilerplate"
name = "attrs"
optional = false
python-versions = ">=2.7, !=3.0.*, !=3.1.*, !=3.2.*, !=3.3.*"
version = "19.3.0"

[package.extras]
azure-pipelines = ["coverage", "hypothesis", "pympler", "pytest (>=4.3.0)", "six", "zope.interface", "pytest-azurepipelines"]
dev = ["coverage", "hypothesis", "pympler", "pytest (>=4.3.0)", "six", "zope.interface", "sphinx", "pre-commit"]
docs = ["sphinx", "zope.interface"]
tests = ["coverage", "hypothesis", "pympler", "pytest (>=4.3.0)", "six", "zope.interface"]

[[package]]
category = "main"
description = "Python package for providing Mozilla's CA Bundle."
name = "certifi"
optional = false
python-versions = "*"
version = "2019.11.28"

[[package]]
category = "main"
description = "Foreign Function Interface for Python calling C code."
name = "cffi"
optional = false
python-versions = "*"
version = "1.14.0"

[package.dependencies]
pycparser = "*"

[[package]]
category = "main"
description = "Universal encoding detector for Python 2 and 3"
name = "chardet"
optional = false
python-versions = "*"
version = "3.0.4"

[[package]]
category = "main"
description = "Composable command line interface toolkit"
name = "click"
optional = false
python-versions = ">=2.7, !=3.0.*, !=3.1.*, !=3.2.*, !=3.3.*, !=3.4.*"
version = "7.1.1"

[[package]]
category = "main"
description = "cryptography is a package which provides cryptographic recipes and primitives to Python developers."
name = "cryptography"
optional = false
python-versions = ">=2.7,!=3.0.*,!=3.1.*,!=3.2.*,!=3.3.*,!=3.4.*"
version = "2.9"

[package.dependencies]
cffi = ">=1.8,<1.11.3 || >1.11.3"
six = ">=1.4.1"

[package.extras]
docs = ["sphinx (>=1.6.5,<1.8.0 || >1.8.0)", "sphinx-rtd-theme"]
docstest = ["doc8", "pyenchant (>=1.6.11)", "twine (>=1.12.0)", "sphinxcontrib-spelling (>=4.0.1)"]
idna = ["idna (>=2.1)"]
pep8test = ["flake8", "flake8-import-order", "pep8-naming"]
test = ["pytest (>=3.6.0,<3.9.0 || >3.9.0,<3.9.1 || >3.9.1,<3.9.2 || >3.9.2)", "pretend", "iso8601", "pytz", "hypothesis (>=1.11.4,<3.79.2 || >3.79.2)"]

[[package]]
category = "main"
description = "Use Database URLs in your Django Application."
name = "dj-database-url"
optional = false
python-versions = "*"
version = "0.5.0"

[[package]]
category = "main"
description = "A high-level Python Web framework that encourages rapid development and clean, pragmatic design."
name = "django"
optional = false
python-versions = ">=3.6"
version = "3.0.5"

[package.dependencies]
asgiref = ">=3.2,<4.0"
pytz = "*"
sqlparse = ">=0.2.2"

[package.extras]
argon2 = ["argon2-cffi (>=16.1.0)"]
bcrypt = ["bcrypt"]

[[package]]
category = "main"
description = "Universal feed parser, handles RSS 0.9x, RSS 1.0, RSS 2.0, CDF, Atom 0.3, and Atom 1.0 feeds"
name = "feedparser"
optional = false
python-versions = "*"
version = "5.2.1"

[[package]]
category = "main"
description = "Internationalized Domain Names in Applications (IDNA)"
name = "idna"
optional = false
python-versions = ">=2.7, !=3.0.*, !=3.1.*, !=3.2.*, !=3.3.*"
version = "2.9"

[[package]]
category = "main"
description = "Read metadata from Python packages"
marker = "python_version < \"3.8\""
name = "importlib-metadata"
optional = false
python-versions = "!=3.0.*,!=3.1.*,!=3.2.*,!=3.3.*,!=3.4.*,>=2.7"
version = "1.6.0"

[package.dependencies]
zipp = ">=0.5"

[package.extras]
docs = ["sphinx", "rst.linker"]
testing = ["packaging", "importlib-resources"]

[[package]]
category = "main"
description = "An implementation of JSON Schema validation for Python"
name = "jsonschema"
optional = false
python-versions = "*"
version = "3.2.0"

[package.dependencies]
attrs = ">=17.4.0"
pyrsistent = ">=0.14.0"
setuptools = "*"
six = ">=1.11.0"

[package.dependencies.importlib-metadata]
python = "<3.8"
version = "*"

[package.extras]
format = ["idna", "jsonpointer (>1.13)", "rfc3987", "strict-rfc3339", "webcolors"]
format_nongpl = ["idna", "jsonpointer (>1.13)", "webcolors", "rfc3986-validator (>0.1.0)", "rfc3339-validator"]

[[package]]
category = "main"
description = "Powerful and Pythonic XML processing library combining libxml2/libxslt with the ElementTree API."
name = "lxml"
optional = false
python-versions = ">=2.7, !=3.0.*, !=3.1.*, !=3.2.*, !=3.3.*, != 3.4.*"
version = "4.5.0"

[package.extras]
cssselect = ["cssselect (>=0.7)"]
html5 = ["html5lib"]
htmlsoup = ["beautifulsoup4"]
source = ["Cython (>=0.29.7)"]

[[package]]
category = "main"
description = "Python interface to MySQL"
name = "mysqlclient"
optional = true
python-versions = "*"
version = "1.4.6"

[[package]]
category = "main"
description = "core infrastructure for the openstates project"
name = "openstates"
optional = false
python-versions = ">=3.6,<4.0"
version = "4.3.2"

[package.dependencies]
Django = ">=2.2"
click = ">=7.1.1,<8.0.0"
dj_database_url = ">=0.5.0,<0.6.0"
jsonschema = ">=3.2.0,<4.0.0"
openstates-metadata = ">=2020.4.3,<2021.0.0"
psycopg2-binary = ">=2.8.4,<3.0.0"
pytz = ">=2019.3,<2020.0"
scrapelib = ">=1.2.0,<2.0.0"

[[package]]
category = "main"
description = "metadata for the openstates project"
name = "openstates-metadata"
optional = false
python-versions = ">=3.6,<4.0"
version = "2020.4.7"

[package.dependencies]
attrs = ">=19.3,<20.0"

[[package]]
category = "main"
description = "psycopg2 - Python-PostgreSQL Database Adapter"
name = "psycopg2-binary"
optional = false
python-versions = ">=2.7,!=3.0.*,!=3.1.*,!=3.2.*,!=3.3.*"
version = "2.8.4"

[[package]]
category = "main"
description = "C parser in Python"
name = "pycparser"
optional = false
python-versions = ">=2.7, !=3.0.*, !=3.1.*, !=3.2.*, !=3.3.*"
version = "2.20"

[[package]]
category = "main"
description = "Python wrapper module around the OpenSSL library"
name = "pyopenssl"
optional = false
python-versions = "*"
version = "19.1.0"

[package.dependencies]
cryptography = ">=2.8"
six = ">=1.5.2"

[package.extras]
docs = ["sphinx", "sphinx-rtd-theme"]
test = ["flaky", "pretend", "pytest (>=3.0.1)"]

[[package]]
category = "main"
description = "Persistent/Functional/Immutable data structures"
name = "pyrsistent"
optional = false
python-versions = "*"
version = "0.16.0"

[package.dependencies]
six = "*"

[[package]]
category = "main"
description = "Extensions to the standard Python datetime module"
name = "python-dateutil"
optional = false
python-versions = "!=3.0.*,!=3.1.*,!=3.2.*,>=2.7"
version = "2.8.1"

[package.dependencies]
six = ">=1.5"

[[package]]
category = "main"
description = "World timezone definitions, modern and historical"
name = "pytz"
optional = false
python-versions = "*"
version = "2019.3"

[[package]]
category = "main"
description = "Python HTTP for Humans."
name = "requests"
optional = false
python-versions = ">=2.7, !=3.0.*, !=3.1.*, !=3.2.*, !=3.3.*, !=3.4.*"
version = "2.23.0"

[package.dependencies]
certifi = ">=2017.4.17"
chardet = ">=3.0.2,<4"
idna = ">=2.5,<3"
urllib3 = ">=1.21.1,<1.25.0 || >1.25.0,<1.25.1 || >1.25.1,<1.26"

[package.dependencies.cryptography]
optional = true
version = ">=1.3.4"

[package.dependencies.pyOpenSSL]
optional = true
version = ">=0.14"

[package.extras]
security = ["pyOpenSSL (>=0.14)", "cryptography (>=1.3.4)"]
socks = ["PySocks (>=1.5.6,<1.5.7 || >1.5.7)", "win-inet-pton"]

[[package]]
category = "main"
description = "a library for scraping things"
name = "scrapelib"
optional = false
python-versions = "*"
version = "1.2.0"

[package.dependencies]
[package.dependencies.requests]
extras = ["security"]
version = ">=2"

[package.extras]
dev = ["coveralls", "flake8", "mock", "pytest", "pytest-cov", "sphinx", "sphinx-rtd-theme"]

[[package]]
category = "main"
description = "Python 2 and 3 compatibility utilities"
name = "six"
optional = false
python-versions = ">=2.7, !=3.0.*, !=3.1.*, !=3.2.*"
version = "1.14.0"

[[package]]
category = "main"
description = "spatula is for scraping"
name = "spatula"
optional = false
python-versions = "*"
version = "0.0.2"

[package.dependencies]
scrapelib = ">=1.0.0"

[[package]]
category = "main"
description = "Database Abstraction Library"
name = "sqlalchemy"
optional = true
python-versions = ">=2.7, !=3.0.*, !=3.1.*, !=3.2.*, !=3.3.*"
version = "1.3.15"

[package.extras]
mssql = ["pyodbc"]
mssql_pymssql = ["pymssql"]
mssql_pyodbc = ["pyodbc"]
mysql = ["mysqlclient"]
oracle = ["cx-oracle"]
postgresql = ["psycopg2"]
postgresql_pg8000 = ["pg8000"]
postgresql_psycopg2binary = ["psycopg2-binary"]
postgresql_psycopg2cffi = ["psycopg2cffi"]
pymysql = ["pymysql"]

[[package]]
category = "main"
description = "Non-validating SQL parser"
name = "sqlparse"
optional = false
python-versions = ">=2.7, !=3.0.*, !=3.1.*, !=3.2.*, !=3.3.*"
version = "0.3.1"

[[package]]
category = "main"
description = "Lightweight SOAP client"
name = "suds-py3"
optional = false
python-versions = "*"
version = "1.4.0.0"

[[package]]
category = "main"
description = "HTTP library with thread-safe connection pooling, file post, and more."
name = "urllib3"
optional = false
python-versions = ">=2.7, !=3.0.*, !=3.1.*, !=3.2.*, !=3.3.*, !=3.4.*, <4"
version = "1.25.8"

[package.extras]
brotli = ["brotlipy (>=0.6.0)"]
secure = ["pyOpenSSL (>=0.14)", "cryptography (>=1.3.4)", "idna (>=2.0.0)", "certifi", "ipaddress"]
socks = ["PySocks (>=1.5.6,<1.5.7 || >1.5.7,<2.0)"]

[[package]]
category = "main"
description = "Library for developers to extract data from Microsoft Excel (tm) spreadsheet files"
name = "xlrd"
optional = false
python-versions = ">=2.7, !=3.0.*, !=3.1.*, !=3.2.*, !=3.3.*"
version = "1.2.0"

[[package]]
category = "main"
description = "Backport of pathlib-compatible object wrapper for zip files"
marker = "python_version < \"3.8\""
name = "zipp"
optional = false
python-versions = ">=3.6"
version = "3.1.0"

[package.extras]
docs = ["sphinx", "jaraco.packaging (>=3.2)", "rst.linker (>=1.9)"]
testing = ["jaraco.itertools", "func-timeout"]

[extras]
california = ["mysqlclient", "SQLAlchemy"]

[metadata]
content-hash = "a5f795810cb0ba48c65dd3eabc67af53300331d1755ca7bf2b842522024e55e6"
python-versions = "^3.7"

[metadata.files]
asgiref = [
    {file = "asgiref-3.2.7-py2.py3-none-any.whl", hash = "sha256:9ca8b952a0a9afa61d30aa6d3d9b570bb3fd6bafcf7ec9e6bed43b936133db1c"},
    {file = "asgiref-3.2.7.tar.gz", hash = "sha256:8036f90603c54e93521e5777b2b9a39ba1bad05773fcf2d208f0299d1df58ce5"},
]
attrs = [
    {file = "attrs-19.3.0-py2.py3-none-any.whl", hash = "sha256:08a96c641c3a74e44eb59afb61a24f2cb9f4d7188748e76ba4bb5edfa3cb7d1c"},
    {file = "attrs-19.3.0.tar.gz", hash = "sha256:f7b7ce16570fe9965acd6d30101a28f62fb4a7f9e926b3bbc9b61f8b04247e72"},
]
certifi = [
    {file = "certifi-2019.11.28-py2.py3-none-any.whl", hash = "sha256:017c25db2a153ce562900032d5bc68e9f191e44e9a0f762f373977de9df1fbb3"},
    {file = "certifi-2019.11.28.tar.gz", hash = "sha256:25b64c7da4cd7479594d035c08c2d809eb4aab3a26e5a990ea98cc450c320f1f"},
]
cffi = [
    {file = "cffi-1.14.0-cp27-cp27m-macosx_10_9_x86_64.whl", hash = "sha256:1cae98a7054b5c9391eb3249b86e0e99ab1e02bb0cc0575da191aedadbdf4384"},
    {file = "cffi-1.14.0-cp27-cp27m-manylinux1_i686.whl", hash = "sha256:cf16e3cf6c0a5fdd9bc10c21687e19d29ad1fe863372b5543deaec1039581a30"},
    {file = "cffi-1.14.0-cp27-cp27m-manylinux1_x86_64.whl", hash = "sha256:f2b0fa0c01d8a0c7483afd9f31d7ecf2d71760ca24499c8697aeb5ca37dc090c"},
    {file = "cffi-1.14.0-cp27-cp27m-win32.whl", hash = "sha256:99f748a7e71ff382613b4e1acc0ac83bf7ad167fb3802e35e90d9763daba4d78"},
    {file = "cffi-1.14.0-cp27-cp27m-win_amd64.whl", hash = "sha256:c420917b188a5582a56d8b93bdd8e0f6eca08c84ff623a4c16e809152cd35793"},
    {file = "cffi-1.14.0-cp27-cp27mu-manylinux1_i686.whl", hash = "sha256:399aed636c7d3749bbed55bc907c3288cb43c65c4389964ad5ff849b6370603e"},
    {file = "cffi-1.14.0-cp27-cp27mu-manylinux1_x86_64.whl", hash = "sha256:cab50b8c2250b46fe738c77dbd25ce017d5e6fb35d3407606e7a4180656a5a6a"},
    {file = "cffi-1.14.0-cp35-cp35m-macosx_10_9_x86_64.whl", hash = "sha256:001bf3242a1bb04d985d63e138230802c6c8d4db3668fb545fb5005ddf5bb5ff"},
    {file = "cffi-1.14.0-cp35-cp35m-manylinux1_i686.whl", hash = "sha256:e56c744aa6ff427a607763346e4170629caf7e48ead6921745986db3692f987f"},
    {file = "cffi-1.14.0-cp35-cp35m-manylinux1_x86_64.whl", hash = "sha256:b8c78301cefcf5fd914aad35d3c04c2b21ce8629b5e4f4e45ae6812e461910fa"},
    {file = "cffi-1.14.0-cp35-cp35m-win32.whl", hash = "sha256:8c0ffc886aea5df6a1762d0019e9cb05f825d0eec1f520c51be9d198701daee5"},
    {file = "cffi-1.14.0-cp35-cp35m-win_amd64.whl", hash = "sha256:8a6c688fefb4e1cd56feb6c511984a6c4f7ec7d2a1ff31a10254f3c817054ae4"},
    {file = "cffi-1.14.0-cp36-cp36m-macosx_10_9_x86_64.whl", hash = "sha256:95cd16d3dee553f882540c1ffe331d085c9e629499ceadfbda4d4fde635f4b7d"},
    {file = "cffi-1.14.0-cp36-cp36m-manylinux1_i686.whl", hash = "sha256:66e41db66b47d0d8672d8ed2708ba91b2f2524ece3dee48b5dfb36be8c2f21dc"},
    {file = "cffi-1.14.0-cp36-cp36m-manylinux1_x86_64.whl", hash = "sha256:028a579fc9aed3af38f4892bdcc7390508adabc30c6af4a6e4f611b0c680e6ac"},
    {file = "cffi-1.14.0-cp36-cp36m-win32.whl", hash = "sha256:cef128cb4d5e0b3493f058f10ce32365972c554572ff821e175dbc6f8ff6924f"},
    {file = "cffi-1.14.0-cp36-cp36m-win_amd64.whl", hash = "sha256:337d448e5a725bba2d8293c48d9353fc68d0e9e4088d62a9571def317797522b"},
    {file = "cffi-1.14.0-cp37-cp37m-macosx_10_9_x86_64.whl", hash = "sha256:e577934fc5f8779c554639376beeaa5657d54349096ef24abe8c74c5d9c117c3"},
    {file = "cffi-1.14.0-cp37-cp37m-manylinux1_i686.whl", hash = "sha256:62ae9af2d069ea2698bf536dcfe1e4eed9090211dbaafeeedf5cb6c41b352f66"},
    {file = "cffi-1.14.0-cp37-cp37m-manylinux1_x86_64.whl", hash = "sha256:14491a910663bf9f13ddf2bc8f60562d6bc5315c1f09c704937ef17293fb85b0"},
    {file = "cffi-1.14.0-cp37-cp37m-win32.whl", hash = "sha256:c43866529f2f06fe0edc6246eb4faa34f03fe88b64a0a9a942561c8e22f4b71f"},
    {file = "cffi-1.14.0-cp37-cp37m-win_amd64.whl", hash = "sha256:2089ed025da3919d2e75a4d963d008330c96751127dd6f73c8dc0c65041b4c26"},
    {file = "cffi-1.14.0-cp38-cp38-macosx_10_9_x86_64.whl", hash = "sha256:3b911c2dbd4f423b4c4fcca138cadde747abdb20d196c4a48708b8a2d32b16dd"},
    {file = "cffi-1.14.0-cp38-cp38-manylinux1_i686.whl", hash = "sha256:7e63cbcf2429a8dbfe48dcc2322d5f2220b77b2e17b7ba023d6166d84655da55"},
    {file = "cffi-1.14.0-cp38-cp38-manylinux1_x86_64.whl", hash = "sha256:3d311bcc4a41408cf5854f06ef2c5cab88f9fded37a3b95936c9879c1640d4c2"},
    {file = "cffi-1.14.0-cp38-cp38-win32.whl", hash = "sha256:675686925a9fb403edba0114db74e741d8181683dcf216be697d208857e04ca8"},
    {file = "cffi-1.14.0-cp38-cp38-win_amd64.whl", hash = "sha256:00789914be39dffba161cfc5be31b55775de5ba2235fe49aa28c148236c4e06b"},
    {file = "cffi-1.14.0.tar.gz", hash = "sha256:2d384f4a127a15ba701207f7639d94106693b6cd64173d6c8988e2c25f3ac2b6"},
]
chardet = [
    {file = "chardet-3.0.4-py2.py3-none-any.whl", hash = "sha256:fc323ffcaeaed0e0a02bf4d117757b98aed530d9ed4531e3e15460124c106691"},
    {file = "chardet-3.0.4.tar.gz", hash = "sha256:84ab92ed1c4d4f16916e05906b6b75a6c0fb5db821cc65e70cbd64a3e2a5eaae"},
]
click = [
    {file = "click-7.1.1-py2.py3-none-any.whl", hash = "sha256:e345d143d80bf5ee7534056164e5e112ea5e22716bbb1ce727941f4c8b471b9a"},
    {file = "click-7.1.1.tar.gz", hash = "sha256:8a18b4ea89d8820c5d0c7da8a64b2c324b4dabb695804dbfea19b9be9d88c0cc"},
]
cryptography = [
    {file = "cryptography-2.9-cp27-cp27m-macosx_10_9_intel.whl", hash = "sha256:ef9a55013676907df6c9d7dd943eb1770d014f68beaa7e73250fb43c759f4585"},
    {file = "cryptography-2.9-cp27-cp27m-manylinux1_x86_64.whl", hash = "sha256:2a2ad24d43398d89f92209289f15265107928f22a8d10385f70def7a698d6a02"},
    {file = "cryptography-2.9-cp27-cp27m-manylinux2010_x86_64.whl", hash = "sha256:95e1296e0157361fe2f5f0ed307fd31f94b0ca13372e3673fa95095a627636a1"},
    {file = "cryptography-2.9-cp27-cp27m-win32.whl", hash = "sha256:192ca04a36852a994ef21df13cca4d822adbbdc9d5009c0f96f1d2929e375d4f"},
    {file = "cryptography-2.9-cp27-cp27m-win_amd64.whl", hash = "sha256:ed1d0760c7e46436ec90834d6f10477ff09475c692ed1695329d324b2c5cd547"},
    {file = "cryptography-2.9-cp27-cp27mu-manylinux1_x86_64.whl", hash = "sha256:19ae795137682a9778892fb4390c07811828b173741bce91e30f899424b3934d"},
    {file = "cryptography-2.9-cp27-cp27mu-manylinux2010_x86_64.whl", hash = "sha256:d1bf5a1a0d60c7f9a78e448adcb99aa101f3f9588b16708044638881be15d6bc"},
    {file = "cryptography-2.9-cp35-abi3-macosx_10_9_intel.whl", hash = "sha256:1b9b535d6b55936a79dbe4990b64bb16048f48747c76c29713fea8c50eca2acf"},
    {file = "cryptography-2.9-cp35-abi3-manylinux1_x86_64.whl", hash = "sha256:7a279f33a081d436e90e91d1a7c338553c04e464de1c9302311a5e7e4b746088"},
    {file = "cryptography-2.9-cp35-abi3-manylinux2010_x86_64.whl", hash = "sha256:49870684da168b90110bbaf86140d4681032c5e6a2461adc7afdd93be5634216"},
    {file = "cryptography-2.9-cp35-cp35m-win32.whl", hash = "sha256:6b91cab3841b4c7cb70e4db1697c69f036c8bc0a253edc0baa6783154f1301e4"},
    {file = "cryptography-2.9-cp35-cp35m-win_amd64.whl", hash = "sha256:587f98ce27ac4547177a0c6fe0986b8736058daffe9160dcf5f1bd411b7fbaa1"},
    {file = "cryptography-2.9-cp36-cp36m-win32.whl", hash = "sha256:cc20316e3f5a6b582fc3b029d8dc03aabeb645acfcb7fc1d9848841a33265748"},
    {file = "cryptography-2.9-cp36-cp36m-win_amd64.whl", hash = "sha256:3be7a5722d5bfe69894d3f7bbed15547b17619f3a88a318aab2e37f457524164"},
    {file = "cryptography-2.9-cp37-cp37m-win32.whl", hash = "sha256:7598974f6879a338c785c513e7c5a4329fbc58b9f6b9a6305035fca5b1076552"},
    {file = "cryptography-2.9-cp37-cp37m-win_amd64.whl", hash = "sha256:5aca6f00b2f42546b9bdf11a69f248d1881212ce5b9e2618b04935b87f6f82a1"},
    {file = "cryptography-2.9-cp38-cp38-win32.whl", hash = "sha256:9fc9da390e98cb6975eadf251b6e5fa088820141061bf041cd5c72deba1dc526"},
    {file = "cryptography-2.9-cp38-cp38-win_amd64.whl", hash = "sha256:6b744039b55988519cc183149cceb573189b3e46e16ccf6f8c46798bb767c9dc"},
    {file = "cryptography-2.9.tar.gz", hash = "sha256:0cacd3ef5c604b8e5f59bf2582c076c98a37fe206b31430d0cd08138aff0986e"},
]
dj-database-url = [
    {file = "dj-database-url-0.5.0.tar.gz", hash = "sha256:4aeaeb1f573c74835b0686a2b46b85990571159ffc21aa57ecd4d1e1cb334163"},
    {file = "dj_database_url-0.5.0-py2.py3-none-any.whl", hash = "sha256:851785365761ebe4994a921b433062309eb882fedd318e1b0fcecc607ed02da9"},
]
django = [
    {file = "Django-3.0.5-py3-none-any.whl", hash = "sha256:642d8eceab321ca743ae71e0f985ff8fdca59f07aab3a9fb362c617d23e33a76"},
    {file = "Django-3.0.5.tar.gz", hash = "sha256:d4666c2edefa38c5ede0ec1655424c56dc47ceb04b6d8d62a7eac09db89545c1"},
]
feedparser = [
    {file = "feedparser-5.2.1.tar.bz2", hash = "sha256:ce875495c90ebd74b179855449040003a1beb40cd13d5f037a0654251e260b02"},
    {file = "feedparser-5.2.1.tar.gz", hash = "sha256:bd030652c2d08532c034c27fcd7c85868e7fa3cb2b17f230a44a6bbc92519bf9"},
    {file = "feedparser-5.2.1.zip", hash = "sha256:cd2485472e41471632ed3029d44033ee420ad0b57111db95c240c9160a85831c"},
]
idna = [
    {file = "idna-2.9-py2.py3-none-any.whl", hash = "sha256:a068a21ceac8a4d63dbfd964670474107f541babbd2250d61922f029858365fa"},
    {file = "idna-2.9.tar.gz", hash = "sha256:7588d1c14ae4c77d74036e8c22ff447b26d0fde8f007354fd48a7814db15b7cb"},
]
importlib-metadata = [
    {file = "importlib_metadata-1.6.0-py2.py3-none-any.whl", hash = "sha256:2a688cbaa90e0cc587f1df48bdc97a6eadccdcd9c35fb3f976a09e3b5016d90f"},
    {file = "importlib_metadata-1.6.0.tar.gz", hash = "sha256:34513a8a0c4962bc66d35b359558fd8a5e10cd472d37aec5f66858addef32c1e"},
]
jsonschema = [
    {file = "jsonschema-3.2.0-py2.py3-none-any.whl", hash = "sha256:4e5b3cf8216f577bee9ce139cbe72eca3ea4f292ec60928ff24758ce626cd163"},
    {file = "jsonschema-3.2.0.tar.gz", hash = "sha256:c8a85b28d377cc7737e46e2d9f2b4f44ee3c0e1deac6bf46ddefc7187d30797a"},
]
lxml = [
    {file = "lxml-4.5.0-cp27-cp27m-macosx_10_9_x86_64.whl", hash = "sha256:0701f7965903a1c3f6f09328c1278ac0eee8f56f244e66af79cb224b7ef3801c"},
    {file = "lxml-4.5.0-cp27-cp27m-manylinux1_i686.whl", hash = "sha256:06d4e0bbb1d62e38ae6118406d7cdb4693a3fa34ee3762238bcb96c9e36a93cd"},
    {file = "lxml-4.5.0-cp27-cp27m-manylinux1_x86_64.whl", hash = "sha256:5828c7f3e615f3975d48f40d4fe66e8a7b25f16b5e5705ffe1d22e43fb1f6261"},
    {file = "lxml-4.5.0-cp27-cp27m-win32.whl", hash = "sha256:afdb34b715daf814d1abea0317b6d672476b498472f1e5aacbadc34ebbc26e89"},
    {file = "lxml-4.5.0-cp27-cp27m-win_amd64.whl", hash = "sha256:585c0869f75577ac7a8ff38d08f7aac9033da2c41c11352ebf86a04652758b7a"},
    {file = "lxml-4.5.0-cp27-cp27mu-manylinux1_i686.whl", hash = "sha256:8a0ebda56ebca1a83eb2d1ac266649b80af8dd4b4a3502b2c1e09ac2f88fe128"},
    {file = "lxml-4.5.0-cp27-cp27mu-manylinux1_x86_64.whl", hash = "sha256:fe976a0f1ef09b3638778024ab9fb8cde3118f203364212c198f71341c0715ca"},
    {file = "lxml-4.5.0-cp35-cp35m-manylinux1_i686.whl", hash = "sha256:7bc1b221e7867f2e7ff1933165c0cec7153dce93d0cdba6554b42a8beb687bdb"},
    {file = "lxml-4.5.0-cp35-cp35m-manylinux1_x86_64.whl", hash = "sha256:d068f55bda3c2c3fcaec24bd083d9e2eede32c583faf084d6e4b9daaea77dde8"},
    {file = "lxml-4.5.0-cp35-cp35m-win32.whl", hash = "sha256:e4aa948eb15018a657702fee0b9db47e908491c64d36b4a90f59a64741516e77"},
    {file = "lxml-4.5.0-cp35-cp35m-win_amd64.whl", hash = "sha256:1f2c4ec372bf1c4a2c7e4bb20845e8bcf8050365189d86806bad1e3ae473d081"},
    {file = "lxml-4.5.0-cp36-cp36m-macosx_10_9_x86_64.whl", hash = "sha256:5d467ce9c5d35b3bcc7172c06320dddb275fea6ac2037f72f0a4d7472035cea9"},
    {file = "lxml-4.5.0-cp36-cp36m-manylinux1_i686.whl", hash = "sha256:95e67224815ef86924fbc2b71a9dbd1f7262384bca4bc4793645794ac4200717"},
    {file = "lxml-4.5.0-cp36-cp36m-manylinux1_x86_64.whl", hash = "sha256:ebec08091a22c2be870890913bdadd86fcd8e9f0f22bcb398abd3af914690c15"},
    {file = "lxml-4.5.0-cp36-cp36m-win32.whl", hash = "sha256:deadf4df349d1dcd7b2853a2c8796593cc346600726eff680ed8ed11812382a7"},
    {file = "lxml-4.5.0-cp36-cp36m-win_amd64.whl", hash = "sha256:f2b74784ed7e0bc2d02bd53e48ad6ba523c9b36c194260b7a5045071abbb1012"},
    {file = "lxml-4.5.0-cp37-cp37m-macosx_10_9_x86_64.whl", hash = "sha256:fa071559f14bd1e92077b1b5f6c22cf09756c6de7139370249eb372854ce51e6"},
    {file = "lxml-4.5.0-cp37-cp37m-manylinux1_i686.whl", hash = "sha256:edc15fcfd77395e24543be48871c251f38132bb834d9fdfdad756adb6ea37679"},
    {file = "lxml-4.5.0-cp37-cp37m-manylinux1_x86_64.whl", hash = "sha256:fd52e796fee7171c4361d441796b64df1acfceb51f29e545e812f16d023c4bbc"},
    {file = "lxml-4.5.0-cp37-cp37m-win32.whl", hash = "sha256:90ed0e36455a81b25b7034038e40880189169c308a3df360861ad74da7b68c1a"},
    {file = "lxml-4.5.0-cp37-cp37m-win_amd64.whl", hash = "sha256:df533af6f88080419c5a604d0d63b2c33b1c0c4409aba7d0cb6de305147ea8c8"},
    {file = "lxml-4.5.0-cp38-cp38-macosx_10_9_x86_64.whl", hash = "sha256:b4b2c63cc7963aedd08a5f5a454c9f67251b1ac9e22fd9d72836206c42dc2a72"},
    {file = "lxml-4.5.0-cp38-cp38-manylinux1_i686.whl", hash = "sha256:e5d842c73e4ef6ed8c1bd77806bf84a7cb535f9c0cf9b2c74d02ebda310070e1"},
    {file = "lxml-4.5.0-cp38-cp38-manylinux1_x86_64.whl", hash = "sha256:63dbc21efd7e822c11d5ddbedbbb08cd11a41e0032e382a0fd59b0b08e405a3a"},
    {file = "lxml-4.5.0-cp38-cp38-win32.whl", hash = "sha256:4235bc124fdcf611d02047d7034164897ade13046bda967768836629bc62784f"},
    {file = "lxml-4.5.0-cp38-cp38-win_amd64.whl", hash = "sha256:d5b3c4b7edd2e770375a01139be11307f04341ec709cf724e0f26ebb1eef12c3"},
    {file = "lxml-4.5.0.tar.gz", hash = "sha256:8620ce80f50d023d414183bf90cc2576c2837b88e00bea3f33ad2630133bbb60"},
]
mysqlclient = [
    {file = "mysqlclient-1.4.6-cp36-cp36m-win_amd64.whl", hash = "sha256:4c82187dd6ab3607150fbb1fa5ef4643118f3da122b8ba31c3149ddd9cf0cb39"},
    {file = "mysqlclient-1.4.6-cp37-cp37m-win_amd64.whl", hash = "sha256:9e6080a7aee4cc6a06b58b59239f20f1d259c1d2fddf68ddeed242d2311c7087"},
    {file = "mysqlclient-1.4.6-cp38-cp38-win_amd64.whl", hash = "sha256:f646f8d17d02be0872291f258cce3813497bc7888cd4712a577fd1e719b2f213"},
    {file = "mysqlclient-1.4.6.tar.gz", hash = "sha256:f3fdaa9a38752a3b214a6fe79d7cae3653731a53e577821f9187e67cbecb2e16"},
]
openstates = [
    {file = "openstates-4.3.2-py3-none-any.whl", hash = "sha256:82bbbdf0a576980376ba7b42659a7e6fdc02ee46b590dc0ef71cb2e583f71a08"},
    {file = "openstates-4.3.2.tar.gz", hash = "sha256:cc5f7f157f72c51007f50af592d54fe9c46ab03dd39a714c3bce36d1b63cc135"},
]
openstates-metadata = [
    {file = "openstates_metadata-2020.4.7-py3-none-any.whl", hash = "sha256:cb9e6a2a55ac3ef4b552fcd1dc6d64eba4949bb8f8732ba1fcf288242535e591"},
    {file = "openstates_metadata-2020.4.7.tar.gz", hash = "sha256:29d0fbc8ef3117e5e6b8f7da274021e740b6c0c414f98ef722e9b9170274f950"},
]
psycopg2-binary = [
    {file = "psycopg2-binary-2.8.4.tar.gz", hash = "sha256:3a2522b1d9178575acee4adf8fd9f979f9c0449b00b4164bb63c3475ea6528ed"},
    {file = "psycopg2_binary-2.8.4-cp27-cp27m-macosx_10_6_intel.macosx_10_9_intel.macosx_10_9_x86_64.macosx_10_10_intel.macosx_10_10_x86_64.whl", hash = "sha256:890167d5091279a27e2505ff0e1fb273f8c48c41d35c5b92adbf4af80e6b2ed6"},
    {file = "psycopg2_binary-2.8.4-cp27-cp27m-manylinux1_i686.whl", hash = "sha256:dbc5cd56fff1a6152ca59445178652756f4e509f672e49ccdf3d79c1043113a4"},
    {file = "psycopg2_binary-2.8.4-cp27-cp27m-manylinux1_x86_64.whl", hash = "sha256:7f42a8490c4fe854325504ce7a6e4796b207960dabb2cbafe3c3959cb00d1d7e"},
    {file = "psycopg2_binary-2.8.4-cp27-cp27m-win32.whl", hash = "sha256:8578d6b8192e4c805e85f187bc530d0f52ba86c39172e61cd51f68fddd648103"},
    {file = "psycopg2_binary-2.8.4-cp27-cp27m-win_amd64.whl", hash = "sha256:5dd90c5438b4f935c9d01fcbad3620253da89d19c1f5fca9158646407ed7df35"},
    {file = "psycopg2_binary-2.8.4-cp27-cp27mu-manylinux1_i686.whl", hash = "sha256:9aadff9032e967865f9778485571e93908d27dab21d0fdfdec0ca779bb6f8ad9"},
    {file = "psycopg2_binary-2.8.4-cp27-cp27mu-manylinux1_x86_64.whl", hash = "sha256:659c815b5b8e2a55193ede2795c1e2349b8011497310bb936da7d4745652823b"},
    {file = "psycopg2_binary-2.8.4-cp34-cp34m-manylinux1_i686.whl", hash = "sha256:2166e770cb98f02ed5ee2b0b569d40db26788e0bf2ec3ae1a0d864ea6f1d8309"},
    {file = "psycopg2_binary-2.8.4-cp34-cp34m-manylinux1_x86_64.whl", hash = "sha256:7e6e3c52e6732c219c07bd97fff6c088f8df4dae3b79752ee3a817e6f32e177e"},
    {file = "psycopg2_binary-2.8.4-cp34-cp34m-win32.whl", hash = "sha256:040234f8a4a8dfd692662a8308d78f63f31a97e1c42d2480e5e6810c48966a29"},
    {file = "psycopg2_binary-2.8.4-cp34-cp34m-win_amd64.whl", hash = "sha256:69b13fdf12878b10dc6003acc8d0abf3ad93e79813fd5f3812497c1c9fb9be49"},
    {file = "psycopg2_binary-2.8.4-cp35-cp35m-macosx_10_6_intel.macosx_10_9_intel.macosx_10_9_x86_64.macosx_10_10_intel.macosx_10_10_x86_64.whl", hash = "sha256:19dc39616850342a2a6db70559af55b22955f86667b5f652f40c0e99253d9881"},
    {file = "psycopg2_binary-2.8.4-cp35-cp35m-manylinux1_i686.whl", hash = "sha256:9f24f383a298a0c0f9b3113b982e21751a8ecde6615494a3f1470eb4a9d70e9e"},
    {file = "psycopg2_binary-2.8.4-cp35-cp35m-manylinux1_x86_64.whl", hash = "sha256:eaed1c65f461a959284649e37b5051224f4db6ebdc84e40b5e65f2986f101a08"},
    {file = "psycopg2_binary-2.8.4-cp35-cp35m-win32.whl", hash = "sha256:4c6717962247445b4f9e21c962ea61d2e884fc17df5ddf5e35863b016f8a1f03"},
    {file = "psycopg2_binary-2.8.4-cp35-cp35m-win_amd64.whl", hash = "sha256:84156313f258eafff716b2961644a4483a9be44a5d43551d554844d15d4d224e"},
    {file = "psycopg2_binary-2.8.4-cp36-cp36m-macosx_10_6_intel.macosx_10_9_intel.macosx_10_9_x86_64.macosx_10_10_intel.macosx_10_10_x86_64.whl", hash = "sha256:3b5deaa3ee7180585a296af33e14c9b18c218d148e735c7accf78130765a47e3"},
    {file = "psycopg2_binary-2.8.4-cp36-cp36m-manylinux1_i686.whl", hash = "sha256:5057669b6a66aa9ca118a2a860159f0ee3acf837eda937bdd2a64f3431361a2d"},
    {file = "psycopg2_binary-2.8.4-cp36-cp36m-manylinux1_x86_64.whl", hash = "sha256:afd96845e12638d2c44d213d4810a08f4dc4a563f9a98204b7428e567014b1cd"},
    {file = "psycopg2_binary-2.8.4-cp36-cp36m-win32.whl", hash = "sha256:a73021b44813b5c84eda4a3af5826dd72356a900bac9bd9dd1f0f81ee1c22c2f"},
    {file = "psycopg2_binary-2.8.4-cp36-cp36m-win_amd64.whl", hash = "sha256:407af6d7e46593415f216c7f56ba087a9a42bd6dc2ecb86028760aa45b802bd7"},
    {file = "psycopg2_binary-2.8.4-cp37-cp37m-macosx_10_6_intel.macosx_10_9_intel.macosx_10_9_x86_64.macosx_10_10_intel.macosx_10_10_x86_64.whl", hash = "sha256:3aa773580f85a28ffdf6f862e59cb5a3cc7ef6885121f2de3fca8d6ada4dbf3b"},
    {file = "psycopg2_binary-2.8.4-cp37-cp37m-manylinux1_i686.whl", hash = "sha256:eac8a3499754790187bb00574ab980df13e754777d346f85e0ff6df929bcd964"},
    {file = "psycopg2_binary-2.8.4-cp37-cp37m-manylinux1_x86_64.whl", hash = "sha256:7a1cb80e35e1ccea3e11a48afe65d38744a0e0bde88795cc56a4d05b6e4f9d70"},
    {file = "psycopg2_binary-2.8.4-cp37-cp37m-win32.whl", hash = "sha256:086f7e89ec85a6704db51f68f0dcae432eff9300809723a6e8782c41c2f48e03"},
    {file = "psycopg2_binary-2.8.4-cp37-cp37m-win_amd64.whl", hash = "sha256:b73ddf033d8cd4cc9dfed6324b1ad2a89ba52c410ef6877998422fcb9c23e3a8"},
    {file = "psycopg2_binary-2.8.4-cp38-cp38-macosx_10_9_x86_64.macosx_10_9_intel.macosx_10_10_intel.macosx_10_10_x86_64.whl", hash = "sha256:4c3c09fb674401f630626310bcaf6cd6285daf0d5e4c26d6e55ca26a2734e39b"},
    {file = "psycopg2_binary-2.8.4-cp38-cp38-manylinux1_i686.whl", hash = "sha256:18ca813fdb17bc1db73fe61b196b05dd1ca2165b884dd5ec5568877cabf9b039"},
    {file = "psycopg2_binary-2.8.4-cp38-cp38-manylinux1_x86_64.whl", hash = "sha256:50446fae5681fc99f87e505d4e77c9407e683ab60c555ec302f9ac9bffa61103"},
    {file = "psycopg2_binary-2.8.4-cp38-cp38-win32.whl", hash = "sha256:98e10634792ac0e9e7a92a76b4991b44c2325d3e7798270a808407355e7bb0a1"},
    {file = "psycopg2_binary-2.8.4-cp38-cp38-win_amd64.whl", hash = "sha256:b8f490f5fad1767a1331df1259763b3bad7d7af12a75b950c2843ba319b2415f"},
]
pycparser = [
    {file = "pycparser-2.20-py2.py3-none-any.whl", hash = "sha256:7582ad22678f0fcd81102833f60ef8d0e57288b6b5fb00323d101be910e35705"},
    {file = "pycparser-2.20.tar.gz", hash = "sha256:2d475327684562c3a96cc71adf7dc8c4f0565175cf86b6d7a404ff4c771f15f0"},
]
pyopenssl = [
    {file = "pyOpenSSL-19.1.0-py2.py3-none-any.whl", hash = "sha256:621880965a720b8ece2f1b2f54ea2071966ab00e2970ad2ce11d596102063504"},
    {file = "pyOpenSSL-19.1.0.tar.gz", hash = "sha256:9a24494b2602aaf402be5c9e30a0b82d4a5c67528fe8fb475e3f3bc00dd69507"},
]
pyrsistent = [
    {file = "pyrsistent-0.16.0.tar.gz", hash = "sha256:28669905fe725965daa16184933676547c5bb40a5153055a8dee2a4bd7933ad3"},
]
python-dateutil = [
    {file = "python-dateutil-2.8.1.tar.gz", hash = "sha256:73ebfe9dbf22e832286dafa60473e4cd239f8592f699aa5adaf10050e6e1823c"},
    {file = "python_dateutil-2.8.1-py2.py3-none-any.whl", hash = "sha256:75bb3f31ea686f1197762692a9ee6a7550b59fc6ca3a1f4b5d7e32fb98e2da2a"},
]
pytz = [
    {file = "pytz-2019.3-py2.py3-none-any.whl", hash = "sha256:1c557d7d0e871de1f5ccd5833f60fb2550652da6be2693c1e02300743d21500d"},
    {file = "pytz-2019.3.tar.gz", hash = "sha256:b02c06db6cf09c12dd25137e563b31700d3b80fcc4ad23abb7a315f2789819be"},
]
requests = [
    {file = "requests-2.23.0-py2.py3-none-any.whl", hash = "sha256:43999036bfa82904b6af1d99e4882b560e5e2c68e5c4b0aa03b655f3d7d73fee"},
    {file = "requests-2.23.0.tar.gz", hash = "sha256:b3f43d496c6daba4493e7c431722aeb7dbc6288f52a6e04e7b6023b0247817e6"},
]
scrapelib = [
    {file = "scrapelib-1.2.0-py2.py3-none-any.whl", hash = "sha256:1984cb3e1c72eab9130c2cb7c4b17dcff08992bd4c829d59e6d48fcf7c4f7b16"},
    {file = "scrapelib-1.2.0.tar.gz", hash = "sha256:9a30f1404f3473488e1b9af99824316d4c79a94cc39e99e1f9c331a7fae15e8d"},
]
six = [
    {file = "six-1.14.0-py2.py3-none-any.whl", hash = "sha256:8f3cd2e254d8f793e7f3d6d9df77b92252b52637291d0f0da013c76ea2724b6c"},
    {file = "six-1.14.0.tar.gz", hash = "sha256:236bdbdce46e6e6a3d61a337c0f8b763ca1e8717c03b369e87a7ec7ce1319c0a"},
]
spatula = [
    {file = "spatula-0.0.2.tar.gz", hash = "sha256:c313eea1553e8c96f956b348d0c53dbf2a8627d9d0c3ec5acf757cd892c57ed7"},
]
sqlalchemy = [
    {file = "SQLAlchemy-1.3.15.tar.gz", hash = "sha256:c4cca4aed606297afbe90d4306b49ad3a4cd36feb3f87e4bfd655c57fd9ef445"},
]
sqlparse = [
    {file = "sqlparse-0.3.1-py2.py3-none-any.whl", hash = "sha256:022fb9c87b524d1f7862b3037e541f68597a730a8843245c349fc93e1643dc4e"},
    {file = "sqlparse-0.3.1.tar.gz", hash = "sha256:e162203737712307dfe78860cc56c8da8a852ab2ee33750e33aeadf38d12c548"},
]
suds-py3 = [
    {file = "suds-py3-1.4.0.0.tar.gz", hash = "sha256:1f5dda30bfcc8fdf2fb4cf6ecabf9a6b893984eec05ce09ce00b005ab7d3486a"},
]
urllib3 = [
    {file = "urllib3-1.25.8-py2.py3-none-any.whl", hash = "sha256:2f3db8b19923a873b3e5256dc9c2dedfa883e33d87c690d9c7913e1f40673cdc"},
    {file = "urllib3-1.25.8.tar.gz", hash = "sha256:87716c2d2a7121198ebcb7ce7cccf6ce5e9ba539041cfbaeecfb641dc0bf6acc"},
]
xlrd = [
    {file = "xlrd-1.2.0-py2.py3-none-any.whl", hash = "sha256:e551fb498759fa3a5384a94ccd4c3c02eb7c00ea424426e212ac0c57be9dfbde"},
    {file = "xlrd-1.2.0.tar.gz", hash = "sha256:546eb36cee8db40c3eaa46c351e67ffee6eeb5fa2650b71bc4c758a29a1b29b2"},
]
zipp = [
    {file = "zipp-3.1.0-py3-none-any.whl", hash = "sha256:aa36550ff0c0b7ef7fa639055d797116ee891440eac1a56f378e2d3179e0320b"},
    {file = "zipp-3.1.0.tar.gz", hash = "sha256:c599e4d75c98f6798c509911d08a22e6c021d074469042177c8c86fb92eefd96"},
]
