[[package]]
category = "main"
description = "ASGI specs, helper code, and adapters"
name = "asgiref"
optional = false
python-versions = "*"
version = "3.2.3"

[[package]]
category = "main"
description = "Classes Without Boilerplate"
name = "attrs"
optional = false
python-versions = ">=2.7, !=3.0.*, !=3.1.*, !=3.2.*, !=3.3.*"
version = "19.3.0"

[[package]]
category = "main"
description = "Python package for providing Mozilla's CA Bundle."
name = "certifi"
optional = false
python-versions = "*"
version = "2019.11.28"

[[package]]
category = "main"
description = "Universal encoding detector for Python 2 and 3"
name = "chardet"
optional = false
python-versions = "*"
version = "3.0.4"

[[package]]
category = "main"
description = "Use Database URLs in your Django Application."
name = "dj-database-url"
optional = false
python-versions = "*"
version = "0.5.0"

[[package]]
category = "main"
description = "A high-level Python Web framework that encourages rapid development and clean, pragmatic design."
name = "django"
optional = false
python-versions = ">=3.6"
version = "3.0"

[package.dependencies]
asgiref = ">=3.2,<4.0"
pytz = "*"
sqlparse = ">=0.2.2"

[[package]]
category = "main"
description = "Universal feed parser, handles RSS 0.9x, RSS 1.0, RSS 2.0, CDF, Atom 0.3, and Atom 1.0 feeds"
name = "feedparser"
optional = false
python-versions = "*"
version = "5.2.1"

[[package]]
category = "main"
description = "Internationalized Domain Names in Applications (IDNA)"
name = "idna"
optional = false
python-versions = ">=2.7, !=3.0.*, !=3.1.*, !=3.2.*, !=3.3.*"
version = "2.8"

[[package]]
category = "main"
description = "Read metadata from Python packages"
marker = "python_version < \"3.8\""
name = "importlib-metadata"
optional = false
python-versions = "!=3.0.*,!=3.1.*,!=3.2.*,!=3.3.*,!=3.4.*,>=2.7"
version = "1.3.0"

[package.dependencies]
zipp = ">=0.5"

[[package]]
category = "main"
description = "An implementation of JSON Schema validation for Python"
name = "jsonschema"
optional = false
python-versions = "*"
version = "3.2.0"

[package.dependencies]
attrs = ">=17.4.0"
pyrsistent = ">=0.14.0"
setuptools = "*"
six = ">=1.11.0"

[package.dependencies.importlib-metadata]
python = "<3.8"
version = "*"

[[package]]
category = "main"
description = "Powerful and Pythonic XML processing library combining libxml2/libxslt with the ElementTree API."
name = "lxml"
optional = false
python-versions = ">=2.7, !=3.0.*, !=3.1.*, !=3.2.*, !=3.3.*, != 3.4.*"
version = "4.4.2"

[[package]]
category = "main"
description = "More routines for operating on iterables, beyond itertools"
marker = "python_version < \"3.8\""
name = "more-itertools"
optional = false
python-versions = ">=3.5"
version = "8.0.2"

[[package]]
category = "main"
description = "python opencivicdata library"
name = "opencivicdata"
optional = false
python-versions = "*"
version = "3.0.0"

[package.dependencies]
Django = ">=2.2"
psycopg2-binary = "*"

[[package]]
category = "main"
description = "psycopg2 - Python-PostgreSQL Database Adapter"
name = "psycopg2-binary"
optional = false
python-versions = ">=2.7,!=3.0.*,!=3.1.*,!=3.2.*,!=3.3.*"
version = "2.8.4"

[[package]]
category = "main"
description = "scraping framework for muncipal data"
name = "pupa"
optional = false
python-versions = "*"
version = "0.10.0"

[package.dependencies]
Django = ">=2.2"
dj_database_url = ">=0.3.0"
jsonschema = ">=3.0.0"
opencivicdata = ">=3.0.0"
psycopg2-binary = "*"
pytz = "*"
scrapelib = ">=1.0"

[[package]]
category = "main"
description = "Persistent/Functional/Immutable data structures"
name = "pyrsistent"
optional = false
python-versions = "*"
version = "0.15.6"

[package.dependencies]
six = "*"

[[package]]
category = "main"
description = "Extensions to the standard Python datetime module"
name = "python-dateutil"
optional = false
python-versions = "!=3.0.*,!=3.1.*,!=3.2.*,>=2.7"
version = "2.8.1"

[package.dependencies]
six = ">=1.5"

[[package]]
category = "main"
description = "World timezone definitions, modern and historical"
name = "pytz"
optional = false
python-versions = "*"
version = "2019.3"

[[package]]
category = "main"
description = "Python HTTP for Humans."
name = "requests"
optional = false
python-versions = ">=2.7, !=3.0.*, !=3.1.*, !=3.2.*, !=3.3.*, !=3.4.*"
version = "2.22.0"

[package.dependencies]
certifi = ">=2017.4.17"
chardet = ">=3.0.2,<3.1.0"
idna = ">=2.5,<2.9"
urllib3 = ">=1.21.1,<1.25.0 || >1.25.0,<1.25.1 || >1.25.1,<1.26"

[[package]]
category = "main"
description = "a library for scraping things"
name = "scrapelib"
optional = false
python-versions = "*"
version = "1.2.0"

[package.dependencies]
requests = ">=2"

[[package]]
category = "main"
description = "Python 2 and 3 compatibility utilities"
name = "six"
optional = false
python-versions = ">=2.6, !=3.0.*, !=3.1.*"
version = "1.13.0"

[[package]]
category = "main"
description = "spatula is for scraping"
name = "spatula"
optional = false
python-versions = "*"
version = "0.0.2"

[package.dependencies]
scrapelib = ">=1.0.0"

[[package]]
category = "main"
description = "Database Abstraction Library"
name = "sqlalchemy"
optional = false
python-versions = ">=2.7, !=3.0.*, !=3.1.*, !=3.2.*, !=3.3.*"
version = "1.3.11"

[[package]]
category = "main"
description = "Non-validating SQL parser"
name = "sqlparse"
optional = false
python-versions = ">=2.7, !=3.0.*, !=3.1.*, !=3.2.*, !=3.3.*"
version = "0.3.0"

[[package]]
category = "main"
description = "Lightweight SOAP client"
name = "suds-py3"
optional = false
python-versions = "*"
version = "1.3.4.0"

[[package]]
category = "main"
description = "HTTP library with thread-safe connection pooling, file post, and more."
name = "urllib3"
optional = false
python-versions = ">=2.7, !=3.0.*, !=3.1.*, !=3.2.*, !=3.3.*, <4"
version = "1.25.7"

[[package]]
category = "main"
description = "Library for developers to extract data from Microsoft Excel (tm) spreadsheet files"
name = "xlrd"
optional = false
python-versions = ">=2.7, !=3.0.*, !=3.1.*, !=3.2.*, !=3.3.*"
version = "1.2.0"

[[package]]
category = "main"
description = "Backport of pathlib-compatible object wrapper for zip files"
marker = "python_version < \"3.8\""
name = "zipp"
optional = false
python-versions = ">=2.7"
version = "0.6.0"

[package.dependencies]
more-itertools = "*"

[metadata]
content-hash = "1b2958120f23b0374666e64f71fd682a1ce05660504814a128a7fdf64d2ec375"
python-versions = "^3.7"

[metadata.hashes]
asgiref = ["7e06d934a7718bf3975acbf87780ba678957b87c7adc056f13b6215d610695a0", "ea448f92fc35a0ef4b1508f53a04c4670255a3f33d22a81c8fc9c872036adbe5"]
attrs = ["08a96c641c3a74e44eb59afb61a24f2cb9f4d7188748e76ba4bb5edfa3cb7d1c", "f7b7ce16570fe9965acd6d30101a28f62fb4a7f9e926b3bbc9b61f8b04247e72"]
certifi = ["017c25db2a153ce562900032d5bc68e9f191e44e9a0f762f373977de9df1fbb3", "25b64c7da4cd7479594d035c08c2d809eb4aab3a26e5a990ea98cc450c320f1f"]
chardet = ["84ab92ed1c4d4f16916e05906b6b75a6c0fb5db821cc65e70cbd64a3e2a5eaae", "fc323ffcaeaed0e0a02bf4d117757b98aed530d9ed4531e3e15460124c106691"]
dj-database-url = ["4aeaeb1f573c74835b0686a2b46b85990571159ffc21aa57ecd4d1e1cb334163", "851785365761ebe4994a921b433062309eb882fedd318e1b0fcecc607ed02da9"]
django = ["6f857bd4e574442ba35a7172f1397b303167dae964cf18e53db5e85fe248d000", "d98c9b6e5eed147bc51f47c014ff6826bd1ab50b166956776ee13db5a58804ae"]
feedparser = ["bd030652c2d08532c034c27fcd7c85868e7fa3cb2b17f230a44a6bbc92519bf9", "cd2485472e41471632ed3029d44033ee420ad0b57111db95c240c9160a85831c", "ce875495c90ebd74b179855449040003a1beb40cd13d5f037a0654251e260b02"]
idna = ["c357b3f628cf53ae2c4c05627ecc484553142ca23264e593d327bcde5e9c3407", "ea8b7f6188e6fa117537c3df7da9fc686d485087abf6ac197f9c46432f7e4a3c"]
importlib-metadata = ["073a852570f92da5f744a3472af1b61e28e9f78ccf0c9117658dc32b15de7b45", "d95141fbfa7ef2ec65cfd945e2af7e5a6ddbd7c8d9a25e66ff3be8e3daf9f60f"]
jsonschema = ["4e5b3cf8216f577bee9ce139cbe72eca3ea4f292ec60928ff24758ce626cd163", "c8a85b28d377cc7737e46e2d9f2b4f44ee3c0e1deac6bf46ddefc7187d30797a"]
lxml = ["00ac0d64949fef6b3693813fe636a2d56d97a5a49b5bbb86e4cc4cc50ebc9ea2", "0571e607558665ed42e450d7bf0e2941d542c18e117b1ebbf0ba72f287ad841c", "0e3f04a7615fdac0be5e18b2406529521d6dbdb0167d2a690ee328bef7807487", "13cf89be53348d1c17b453867da68704802966c433b2bb4fa1f970daadd2ef70", "217262fcf6a4c2e1c7cb1efa08bd9ebc432502abc6c255c4abab611e8be0d14d", "223e544828f1955daaf4cefbb4853bc416b2ec3fd56d4f4204a8b17007c21250", "277cb61fede2f95b9c61912fefb3d43fbd5f18bf18a14fae4911b67984486f5d", "3213f753e8ae86c396e0e066866e64c6b04618e85c723b32ecb0909885211f74", "4690984a4dee1033da0af6df0b7a6bde83f74e1c0c870623797cec77964de34d", "4fcc472ef87f45c429d3b923b925704aa581f875d65bac80f8ab0c3296a63f78", "61409bd745a265a742f2693e4600e4dbd45cc1daebe1d5fad6fcb22912d44145", "678f1963f755c5d9f5f6968dded7b245dd1ece8cf53c1aa9d80e6734a8c7f41d", "6c6d03549d4e2734133badb9ab1c05d9f0ef4bcd31d83e5d2b4747c85cfa21da", "6e74d5f4d6ecd6942375c52ffcd35f4318a61a02328f6f1bd79fcb4ffedf969e", "7b4fc7b1ecc987ca7aaf3f4f0e71bbfbd81aaabf87002558f5bc95da3a865bcd", "7ed386a40e172ddf44c061ad74881d8622f791d9af0b6f5be20023029129bc85", "8f54f0924d12c47a382c600c880770b5ebfc96c9fd94cf6f6bdc21caf6163ea7", "ad9b81351fdc236bda538efa6879315448411a81186c836d4b80d6ca8217cdb9", "bbd00e21ea17f7bcc58dccd13869d68441b32899e89cf6cfa90d624a9198ce85", "c3c289762cc09735e2a8f8a49571d0e8b4f57ea831ea11558247b5bdea0ac4db", "cf4650942de5e5685ad308e22bcafbccfe37c54aa7c0e30cd620c2ee5c93d336", "cfcbc33c9c59c93776aa41ab02e55c288a042211708b72fdb518221cc803abc8", "e301055deadfedbd80cf94f2f65ff23126b232b0d1fea28f332ce58137bcdb18", "ebbfe24df7f7b5c6c7620702496b6419f6a9aa2fd7f005eb731cc80d7b4692b9", "eff69ddbf3ad86375c344339371168640951c302450c5d3e9936e98d6459db06", "f6ed60a62c5f1c44e789d2cf14009423cb1646b44a43e40a9cf6a21f077678a1"]
more-itertools = ["b84b238cce0d9adad5ed87e745778d20a3f8487d0f0cb8b8a586816c7496458d", "c833ef592a0324bcc6a60e48440da07645063c453880c9477ceb22490aec1564"]
opencivicdata = ["19b8bdbc50559eb1e6e954ff4440a27aac85a7b3c4b79c34b0a1144b6810c7b2"]
psycopg2-binary = ["040234f8a4a8dfd692662a8308d78f63f31a97e1c42d2480e5e6810c48966a29", "086f7e89ec85a6704db51f68f0dcae432eff9300809723a6e8782c41c2f48e03", "18ca813fdb17bc1db73fe61b196b05dd1ca2165b884dd5ec5568877cabf9b039", "19dc39616850342a2a6db70559af55b22955f86667b5f652f40c0e99253d9881", "2166e770cb98f02ed5ee2b0b569d40db26788e0bf2ec3ae1a0d864ea6f1d8309", "3a2522b1d9178575acee4adf8fd9f979f9c0449b00b4164bb63c3475ea6528ed", "3aa773580f85a28ffdf6f862e59cb5a3cc7ef6885121f2de3fca8d6ada4dbf3b", "3b5deaa3ee7180585a296af33e14c9b18c218d148e735c7accf78130765a47e3", "407af6d7e46593415f216c7f56ba087a9a42bd6dc2ecb86028760aa45b802bd7", "4c3c09fb674401f630626310bcaf6cd6285daf0d5e4c26d6e55ca26a2734e39b", "4c6717962247445b4f9e21c962ea61d2e884fc17df5ddf5e35863b016f8a1f03", "50446fae5681fc99f87e505d4e77c9407e683ab60c555ec302f9ac9bffa61103", "5057669b6a66aa9ca118a2a860159f0ee3acf837eda937bdd2a64f3431361a2d", "5dd90c5438b4f935c9d01fcbad3620253da89d19c1f5fca9158646407ed7df35", "659c815b5b8e2a55193ede2795c1e2349b8011497310bb936da7d4745652823b", "69b13fdf12878b10dc6003acc8d0abf3ad93e79813fd5f3812497c1c9fb9be49", "7a1cb80e35e1ccea3e11a48afe65d38744a0e0bde88795cc56a4d05b6e4f9d70", "7e6e3c52e6732c219c07bd97fff6c088f8df4dae3b79752ee3a817e6f32e177e", "7f42a8490c4fe854325504ce7a6e4796b207960dabb2cbafe3c3959cb00d1d7e", "84156313f258eafff716b2961644a4483a9be44a5d43551d554844d15d4d224e", "8578d6b8192e4c805e85f187bc530d0f52ba86c39172e61cd51f68fddd648103", "890167d5091279a27e2505ff0e1fb273f8c48c41d35c5b92adbf4af80e6b2ed6", "9aadff9032e967865f9778485571e93908d27dab21d0fdfdec0ca779bb6f8ad9", "9f24f383a298a0c0f9b3113b982e21751a8ecde6615494a3f1470eb4a9d70e9e", "a73021b44813b5c84eda4a3af5826dd72356a900bac9bd9dd1f0f81ee1c22c2f", "afd96845e12638d2c44d213d4810a08f4dc4a563f9a98204b7428e567014b1cd", "b73ddf033d8cd4cc9dfed6324b1ad2a89ba52c410ef6877998422fcb9c23e3a8", "dbc5cd56fff1a6152ca59445178652756f4e509f672e49ccdf3d79c1043113a4", "eac8a3499754790187bb00574ab980df13e754777d346f85e0ff6df929bcd964", "eaed1c65f461a959284649e37b5051224f4db6ebdc84e40b5e65f2986f101a08"]
pupa = ["710b52f0980690cece4baef7bc55b250d8d86e8cb6abd662e01e9ca72c8937bf"]
pyrsistent = ["f3b280d030afb652f79d67c5586157c5c1355c9a58dfc7940566e28d28f3df1b"]
python-dateutil = ["73ebfe9dbf22e832286dafa60473e4cd239f8592f699aa5adaf10050e6e1823c", "75bb3f31ea686f1197762692a9ee6a7550b59fc6ca3a1f4b5d7e32fb98e2da2a"]
pytz = ["1c557d7d0e871de1f5ccd5833f60fb2550652da6be2693c1e02300743d21500d", "b02c06db6cf09c12dd25137e563b31700d3b80fcc4ad23abb7a315f2789819be"]
requests = ["11e007a8a2aa0323f5a921e9e6a2d7e4e67d9877e85773fba9ba6419025cbeb4", "9cf5292fcd0f598c671cfc1e0d7d1a7f13bb8085e9a590f48c010551dc6c4b31"]
scrapelib = ["1984cb3e1c72eab9130c2cb7c4b17dcff08992bd4c829d59e6d48fcf7c4f7b16", "9a30f1404f3473488e1b9af99824316d4c79a94cc39e99e1f9c331a7fae15e8d"]
six = ["1f1b7d42e254082a9db6279deae68afb421ceba6158efa6131de7b3003ee93fd", "30f610279e8b2578cab6db20741130331735c781b56053c59c4076da27f06b66"]
spatula = ["c313eea1553e8c96f956b348d0c53dbf2a8627d9d0c3ec5acf757cd892c57ed7"]
sqlalchemy = ["afa5541e9dea8ad0014251bc9d56171ca3d8b130c9627c6cb3681cff30be3f8a"]
sqlparse = ["40afe6b8d4b1117e7dff5504d7a8ce07d9a1b15aeeade8a2d10f130a834f8177", "7c3dca29c022744e95b547e867cee89f4fce4373f3549ccd8797d8eb52cdb873"]
suds-py3 = ["6cf2f8ca3b3c052a4dd82da87111ba3b3fc7aa575c779e0429c53ccbb18b05fe", "7054495fa3d286ca4efdf03fd87e70339956a628ef843d27e2e615f606b0c706"]
urllib3 = ["a8a318824cc77d1fd4b2bec2ded92646630d7fe8619497b142c84a9e6f5a7293", "f3c5fd51747d450d4dcf6f923c81f78f811aab8205fda64b0aba34a4e48b0745"]
xlrd = ["546eb36cee8db40c3eaa46c351e67ffee6eeb5fa2650b71bc4c758a29a1b29b2", "e551fb498759fa3a5384a94ccd4c3c02eb7c00ea424426e212ac0c57be9dfbde"]
zipp = ["3718b1cbcd963c7d4c5511a8240812904164b7f381b647143a89d3b98f9bcd8e", "f06903e9f1f43b12d371004b4ac7b06ab39a44adc747266928ae6debfa7b3335"]
